
Microsoft Visual Studio Solution File, Format Version 12.00
# Visual Studio 14
VisualStudioVersion = 14.0.25123.0
MinimumVisualStudioVersion = 10.0.40219.1
Project("{FAE04EC0-301F-11D3-BF4B-00C04F79EFBC}") = "Luma.SmartHub.Audio.Bass", "Luma.SmartHub.Audio.Bass\Luma.SmartHub.Audio.Bass.csproj", "{840D9E4A-1A4C-48F4-8CB8-B54EB7892A4F}"
EndProject
Project("{2150E333-8FDC-42A3-9474-1A3956D46DE8}") = ".git", ".git", "{FD84D080-3B3E-4BBF-8D9F-777D70BE45A1}"
	ProjectSection(SolutionItems) = preProject
		..\.gitignore = ..\.gitignore
	EndProjectSection
EndProject
Project("{2150E333-8FDC-42A3-9474-1A3956D46DE8}") = ".build", ".build", "{3967EF43-546C-4949-BE97-A7EC0CC38121}"
	ProjectSection(SolutionItems) = preProject
		..\build.ps1 = ..\build.ps1
	EndProjectSection
EndProject
Project("{2150E333-8FDC-42A3-9474-1A3956D46DE8}") = "Tests", "Tests", "{66383FBC-82B2-46E4-8683-7FF9B81DF604}"
EndProject
Project("{FAE04EC0-301F-11D3-BF4B-00C04F79EFBC}") = "Luma.SmartHub.Audio.Bass.Tests", "Luma.SmartHub.Audio.Bass.Tests\Luma.SmartHub.Audio.Bass.Tests.csproj", "{495C0EFB-B35D-4D74-BBF4-CBC8444728EB}"
EndProject
Global
	GlobalSection(SolutionConfigurationPlatforms) = preSolution
		Debug|Any CPU = Debug|Any CPU
		Release|Any CPU = Release|Any CPU
	EndGlobalSection
	GlobalSection(ProjectConfigurationPlatforms) = postSolution
		{840D9E4A-1A4C-48F4-8CB8-B54EB7892A4F}.Debug|Any CPU.ActiveCfg = Debug|Any CPU
		{840D9E4A-1A4C-48F4-8CB8-B54EB7892A4F}.Debug|Any CPU.Build.0 = Debug|Any CPU
		{840D9E4A-1A4C-48F4-8CB8-B54EB7892A4F}.Release|Any CPU.ActiveCfg = Release|Any CPU
		{840D9E4A-1A4C-48F4-8CB8-B54EB7892A4F}.Release|Any CPU.Build.0 = Release|Any CPU
		{495C0EFB-B35D-4D74-BBF4-CBC8444728EB}.Debug|Any CPU.ActiveCfg = Debug|Any CPU
		{495C0EFB-B35D-4D74-BBF4-CBC8444728EB}.Debug|Any CPU.Build.0 = Debug|Any CPU
		{495C0EFB-B35D-4D74-BBF4-CBC8444728EB}.Release|Any CPU.ActiveCfg = Release|Any CPU
		{495C0EFB-B35D-4D74-BBF4-CBC8444728EB}.Release|Any CPU.Build.0 = Release|Any CPU
	EndGlobalSection
	GlobalSection(SolutionProperties) = preSolution
		HideSolutionNode = FALSE
	EndGlobalSection
	GlobalSection(NestedProjects) = preSolution
		{495C0EFB-B35D-4D74-BBF4-CBC8444728EB} = {66383FBC-82B2-46E4-8683-7FF9B81DF604}
	EndGlobalSection
EndGlobal
